# This file is automatically @generated by Cargo.
# It is not intended for manual editing.
version = 3

[[package]]
name = "cc"
version = "1.0.73"
source = "registry+https://github.com/rust-lang/crates.io-index"
checksum = "2fff2a6927b3bb87f9595d67196a70493f627687a71d87a0d692242c33f58c11"

[[package]]
name = "core-foundationr"
version = "0.1.0"
source = "git+https://github.com/drewcrawford/core-foundationr#5f49c9fe2e9d8dc73971d1f61c380fc3b28626ce"

[[package]]
name = "coretextr"
version = "0.1.0"
dependencies = [
 "core-foundationr",
 "objr",
]

[[package]]
name = "objr"
version = "0.1.0"
source = "git+https://github.com/drewcrawford/objr#ac2ff58d4deb0bc28cce44ecfa696781ee4870cb"
dependencies = [
 "cc",
 "procmacro",
]

[[package]]
name = "procmacro"
version = "0.1.0"
source = "git+https://github.com/drewcrawford/objr#ac2ff58d4deb0bc28cce44ecfa696781ee4870cb"
